
Microsoft Visual Studio Solution File, Format Version 12.00
# Visual Studio Version 17
VisualStudioVersion = 17.3.32804.467
MinimumVisualStudioVersion = 10.0.40219.1
Project("{FAE04EC0-301F-11D3-BF4B-00C04F79EFBC}") = "Bees", "Bees\Bees.csproj", "{690AD2B9-1726-4C2A-9E29-E213F94F02EF}"
EndProject
Global
	GlobalSection(SolutionConfigurationPlatforms) = preSolution
		Debug|Any CPU = Debug|Any CPU
		Release|Any CPU = Release|Any CPU
	EndGlobalSection
	GlobalSection(ProjectConfigurationPlatforms) = postSolution
		{690AD2B9-1726-4C2A-9E29-E213F94F02EF}.Debug|Any CPU.ActiveCfg = Debug|Any CPU
		{690AD2B9-1726-4C2A-9E29-E213F94F02EF}.Debug|Any CPU.Build.0 = Debug|Any CPU
		{690AD2B9-1726-4C2A-9E29-E213F94F02EF}.Release|Any CPU.ActiveCfg = Release|Any CPU
		{690AD2B9-1726-4C2A-9E29-E213F94F02EF}.Release|Any CPU.Build.0 = Release|Any CPU
	EndGlobalSection
	GlobalSection(SolutionProperties) = preSolution
		HideSolutionNode = FALSE
	EndGlobalSection
	GlobalSection(ExtensibilityGlobals) = postSolution
		SolutionGuid = {D3039D86-F989-411D-93C5-E3F1980D48C7}
	EndGlobalSection
EndGlobal
